# This file is generated by running "yarn install" inside your project.
# Manual changes might be lost - proceed with caution!

__metadata:
  version: 5
  cacheKey: 8

"@prettier/plugin-php@npm:^0.24.0":
  version: 0.24.0
  resolution: "@prettier/plugin-php@npm:0.24.0"
  dependencies:
    linguist-languages: ^8.0.0
    php-parser: ^3.2.5
  peerDependencies:
    prettier: ^3.0.0
  checksum: 553be7d787200bddd5f7c07e2016785117184b65a789050b964a807102f79e3eb1515868777df39db723f92667fefd5040c921cdc4bc5a45d18665ebe299724e
  languageName: node
  linkType: hard

"linguist-languages@npm:^8.0.0":
  version: 8.2.0
  resolution: "linguist-languages@npm:8.2.0"
  checksum: ce1b29fbd92993b9081bda7eb7a872cfcccde824c1e936a6cc73770abea19752c7610880cac63173015616a6bd6fee5accbfc7100a99925581df4713113ef826
  languageName: node
  linkType: hard

"module-plugin-dep@workspace:.":
  version: 0.0.0-use.local
  resolution: "module-plugin-dep@workspace:."
  dependencies:
    "@prettier/plugin-php": ^0.24.0
  languageName: unknown
  linkType: soft

"php-parser@npm:^3.2.5":
  version: 3.2.5
  resolution: "php-parser@npm:3.2.5"
  checksum: f471f2458e59e8ce4f5a8b81d5775075ef2a090d822f4e45b436bc091f8bc7845f82236923f2baf1159e0ea104561a95434ca30a3f4da57782447a7a675e83ad
  languageName: node
  linkType: hard
